
Microsoft Visual Studio Solution File, Format Version 12.00
# Visual Studio 15
VisualStudioVersion = 15.0.28010.2016
MinimumVisualStudioVersion = 10.0.40219.1
Project("{FAE04EC0-301F-11D3-BF4B-00C04F79EFBC}") = "bi1test1", "bi1test1\bi1test1.csproj", "{D432EE22-085A-4771-8F0E-DB589AA629C5}"
EndProject
Global
	GlobalSection(SolutionConfigurationPlatforms) = preSolution
		Debug|Any CPU = Debug|Any CPU
		Release|Any CPU = Release|Any CPU
	EndGlobalSection
	GlobalSection(ProjectConfigurationPlatforms) = postSolution
		{D432EE22-085A-4771-8F0E-DB589AA629C5}.Debug|Any CPU.ActiveCfg = Debug|Any CPU
		{D432EE22-085A-4771-8F0E-DB589AA629C5}.Debug|Any CPU.Build.0 = Debug|Any CPU
		{D432EE22-085A-4771-8F0E-DB589AA629C5}.Release|Any CPU.ActiveCfg = Release|Any CPU
		{D432EE22-085A-4771-8F0E-DB589AA629C5}.Release|Any CPU.Build.0 = Release|Any CPU
	EndGlobalSection
	GlobalSection(SolutionProperties) = preSolution
		HideSolutionNode = FALSE
	EndGlobalSection
	GlobalSection(ExtensibilityGlobals) = postSolution
		SolutionGuid = {7C1CE665-7E5B-4A8F-8148-31DC6A396C3F}
	EndGlobalSection
EndGlobal
